{
  "originHash" : "451a2af46cb583500a2207ad3a94c216e9454b926d6cfa8b42dfc5d458eb482d",
  "pins" : [
    {
      "identity" : "swiftmath",
      "kind" : "remoteSourceControl",
      "location" : "https://github.com/mgriebling/SwiftMath.git",
      "state" : {
        "revision" : "1d2c90827e9c3908269d810d055fb03b7da5fd53"
      }
    }
  ],
  "version" : 3
}
